
Microsoft Visual Studio Solution File, Format Version 12.00
# Visual Studio 15
VisualStudioVersion = 15.0.28307.329
MinimumVisualStudioVersion = 10.0.40219.1
Project("{FAE04EC0-301F-11D3-BF4B-00C04F79EFBC}") = "FizzBuzzGame", "FizzBuzzGame\FizzBuzzGame.csproj", "{3EF06031-20F0-4FA5-B5F7-2CBAFE77E030}"
EndProject
Global
	GlobalSection(SolutionConfigurationPlatforms) = preSolution
		Debug|Any CPU = Debug|Any CPU
		Release|Any CPU = Release|Any CPU
	EndGlobalSection
	GlobalSection(ProjectConfigurationPlatforms) = postSolution
		{3EF06031-20F0-4FA5-B5F7-2CBAFE77E030}.Debug|Any CPU.ActiveCfg = Debug|Any CPU
		{3EF06031-20F0-4FA5-B5F7-2CBAFE77E030}.Debug|Any CPU.Build.0 = Debug|Any CPU
		{3EF06031-20F0-4FA5-B5F7-2CBAFE77E030}.Release|Any CPU.ActiveCfg = Release|Any CPU
		{3EF06031-20F0-4FA5-B5F7-2CBAFE77E030}.Release|Any CPU.Build.0 = Release|Any CPU
	EndGlobalSection
	GlobalSection(SolutionProperties) = preSolution
		HideSolutionNode = FALSE
	EndGlobalSection
	GlobalSection(ExtensibilityGlobals) = postSolution
		SolutionGuid = {8B5A9115-71ED-4C2D-A738-B75B94D66797}
	EndGlobalSection
EndGlobal
